
Microsoft Visual Studio Solution File, Format Version 12.00
# Visual Studio Version 17
VisualStudioVersion = 17.0.31903.59
MinimumVisualStudioVersion = 10.0.40219.1
Project("{FAE04EC0-301F-11D3-BF4B-00C04F79EFBC}") = "api", "api\api.csproj", "{F6ABBCE7-0220-4B05-A470-D28AEE18DE60}"
EndProject
Project("{FAE04EC0-301F-11D3-BF4B-00C04F79EFBC}") = "service", "service\service.csproj", "{C7CB9EA2-6BA5-4C7E-B354-34422E8F28F4}"
EndProject
Project("{FAE04EC0-301F-11D3-BF4B-00C04F79EFBC}") = "infrastructure", "infrastructure\infrastructure.csproj", "{62D2E5FE-2414-46B0-9439-B753E4326D8F}"
EndProject
Global
	GlobalSection(SolutionConfigurationPlatforms) = preSolution
		Debug|Any CPU = Debug|Any CPU
		Release|Any CPU = Release|Any CPU
	EndGlobalSection
	GlobalSection(SolutionProperties) = preSolution
		HideSolutionNode = FALSE
	EndGlobalSection
	GlobalSection(ProjectConfigurationPlatforms) = postSolution
		{F6ABBCE7-0220-4B05-A470-D28AEE18DE60}.Debug|Any CPU.ActiveCfg = Debug|Any CPU
		{F6ABBCE7-0220-4B05-A470-D28AEE18DE60}.Debug|Any CPU.Build.0 = Debug|Any CPU
		{F6ABBCE7-0220-4B05-A470-D28AEE18DE60}.Release|Any CPU.ActiveCfg = Release|Any CPU
		{F6ABBCE7-0220-4B05-A470-D28AEE18DE60}.Release|Any CPU.Build.0 = Release|Any CPU
		{C7CB9EA2-6BA5-4C7E-B354-34422E8F28F4}.Debug|Any CPU.ActiveCfg = Debug|Any CPU
		{C7CB9EA2-6BA5-4C7E-B354-34422E8F28F4}.Debug|Any CPU.Build.0 = Debug|Any CPU
		{C7CB9EA2-6BA5-4C7E-B354-34422E8F28F4}.Release|Any CPU.ActiveCfg = Release|Any CPU
		{C7CB9EA2-6BA5-4C7E-B354-34422E8F28F4}.Release|Any CPU.Build.0 = Release|Any CPU
		{62D2E5FE-2414-46B0-9439-B753E4326D8F}.Debug|Any CPU.ActiveCfg = Debug|Any CPU
		{62D2E5FE-2414-46B0-9439-B753E4326D8F}.Debug|Any CPU.Build.0 = Debug|Any CPU
		{62D2E5FE-2414-46B0-9439-B753E4326D8F}.Release|Any CPU.ActiveCfg = Release|Any CPU
		{62D2E5FE-2414-46B0-9439-B753E4326D8F}.Release|Any CPU.Build.0 = Release|Any CPU
	EndGlobalSection
EndGlobal
